{
  "requires": true,
  "lockfileVersion": 1,
  "dependencies": {
    "sane-email-validation": {
      "version": "3.0.1",
      "resolved": "https://registry.npmjs.org/sane-email-validation/-/sane-email-validation-3.0.1.tgz",
      "integrity": "sha512-OZK+w1DnoPoifMlwL1Ipu0RohLsCQE8QfHuKFdfdgzTKKp0zrVvQzaDYCh6zuceXyv3pmIkR6hhsnafIGeaSvg=="
    }
  }
}
